// !$*UTF8*$!
{
	archiveVersion = 1;
	classes = {
	};
	objectVersion = 46;
	objects = {

/* Begin PBXBuildFile section */
		FAE384481D85321A003E8725 /* main.m in Sources */ = {isa = PBXBuildFile; fileRef = FAE384471D85321A003E8725 /* main.m */; };
		FAE384531D85321A003E8725 /* Assets.xcassets in Resources */ = {isa = PBXBuildFile; fileRef = FAE384521D85321A003E8725 /* Assets.xcassets */; };
		FAE384561D85321A003E8725 /* LaunchScreen.storyboard in Resources */ = {isa = PBXBuildFile; fileRef = FAE384541D85321A003E8725 /* LaunchScreen.storyboard */; };
		FAE384611D85321A003E8725 /* ________Tests.m in Sources */ = {isa = PBXBuildFile; fileRef = FAE384601D85321A003E8725 /* ________Tests.m */; };
		FAE3846C1D85321A003E8725 /* ________UITests.m in Sources */ = {isa = PBXBuildFile; fileRef = FAE3846B1D85321A003E8725 /* ________UITests.m */; };
		FAE3847E1D853253003E8725 /* AppDelegate.m in Sources */ = {isa = PBXBuildFile; fileRef = FAE384791D853253003E8725 /* AppDelegate.m */; };
		FAE3847F1D853253003E8725 /* ZXLViewController.m in Sources */ = {isa = PBXBuildFile; fileRef = FAE3847B1D853253003E8725 /* ZXLViewController.m */; };
		FAE384801D853253003E8725 /* ZXLTableViewController.m in Sources */ = {isa = PBXBuildFile; fileRef = FAE3847D1D853253003E8725 /* ZXLTableViewController.m */; };
		FAE384841D853261003E8725 /* UIView+Util.m in Sources */ = {isa = PBXBuildFile; fileRef = FAE384831D853261003E8725 /* UIView+Util.m */; };
		FAE384891D853266003E8725 /* zxl_arrow@2x.png in Resources */ = {isa = PBXBuildFile; fileRef = FAE384861D853266003E8725 /* zxl_arrow@2x.png */; };
		FAE3848A1D853266003E8725 /* zxl_arrow@3x.png in Resources */ = {isa = PBXBuildFile; fileRef = FAE384871D853266003E8725 /* zxl_arrow@3x.png */; };
		FAE3848E1D85326C003E8725 /* ZXLTitleView.m in Sources */ = {isa = PBXBuildFile; fileRef = FAE3848D1D85326C003E8725 /* ZXLTitleView.m */; };
/* End PBXBuildFile section */

/* Begin PBXContainerItemProxy section */
		FAE3845D1D85321A003E8725 /* PBXContainerItemProxy */ = {
			isa = PBXContainerItemProxy;
			containerPortal = FAE3843B1D85321A003E8725 /* Project object */;
			proxyType = 1;
			remoteGlobalIDString = FAE384421D85321A003E8725;
			remoteInfo = "仿自选股头部滚动";
		};
		FAE384681D85321A003E8725 /* PBXContainerItemProxy */ = {
			isa = PBXContainerItemProxy;
			containerPortal = FAE3843B1D85321A003E8725 /* Project object */;
			proxyType = 1;
			remoteGlobalIDString = FAE384421D85321A003E8725;
			remoteInfo = "仿自选股头部滚动";
		};
/* End PBXContainerItemProxy section */

/* Begin PBXFileReference section */
		FAE384431D85321A003E8725 /* 仿自选股头部滚动.app */ = {isa = PBXFileReference; explicitFileType = wrapper.application; includeInIndex = 0; path = "仿自选股头部滚动.app"; sourceTree = BUILT_PRODUCTS_DIR; };
		FAE384471D85321A003E8725 /* main.m */ = {isa = PBXFileReference; lastKnownFileType = sourcecode.c.objc; path = main.m; sourceTree = "<group>"; };
		FAE384491D85321A003E8725 /* AppDelegate.h */ = {isa = PBXFileReference; lastKnownFileType = sourcecode.c.h; path = AppDelegate.h; sourceTree = "<group>"; };
		FAE384521D85321A003E8725 /* Assets.xcassets */ = {isa = PBXFileReference; lastKnownFileType = folder.assetcatalog; path = Assets.xcassets; sourceTree = "<group>"; };
		FAE384551D85321A003E8725 /* Base */ = {isa = PBXFileReference; lastKnownFileType = file.storyboard; name = Base; path = Base.lproj/LaunchScreen.storyboard; sourceTree = "<group>"; };
		FAE384571D85321A003E8725 /* Info.plist */ = {isa = PBXFileReference; lastKnownFileType = text.plist.xml; path = Info.plist; sourceTree = "<group>"; };
		FAE3845C1D85321A003E8725 /* 仿自选股头部滚动Tests.xctest */ = {isa = PBXFileReference; explicitFileType = wrapper.cfbundle; includeInIndex = 0; path = "仿自选股头部滚动Tests.xctest"; sourceTree = BUILT_PRODUCTS_DIR; };
		FAE384601D85321A003E8725 /* ________Tests.m */ = {isa = PBXFileReference; lastKnownFileType = sourcecode.c.objc; path = "________Tests.m"; sourceTree = "<group>"; };
		FAE384621D85321A003E8725 /* Info.plist */ = {isa = PBXFileReference; lastKnownFileType = text.plist.xml; path = Info.plist; sourceTree = "<group>"; };
		FAE384671D85321A003E8725 /* 仿自选股头部滚动UITests.xctest */ = {isa = PBXFileReference; explicitFileType = wrapper.cfbundle; includeInIndex = 0; path = "仿自选股头部滚动UITests.xctest"; sourceTree = BUILT_PRODUCTS_DIR; };
		FAE3846B1D85321A003E8725 /* ________UITests.m */ = {isa = PBXFileReference; lastKnownFileType = sourcecode.c.objc; path = "________UITests.m"; sourceTree = "<group>"; };
		FAE3846D1D85321A003E8725 /* Info.plist */ = {isa = PBXFileReference; lastKnownFileType = text.plist.xml; path = Info.plist; sourceTree = "<group>"; };
		FAE384791D853253003E8725 /* AppDelegate.m */ = {isa = PBXFileReference; fileEncoding = 4; lastKnownFileType = sourcecode.c.objc; path = AppDelegate.m; sourceTree = "<group>"; };
		FAE3847A1D853253003E8725 /* ZXLViewController.h */ = {isa = PBXFileReference; fileEncoding = 4; lastKnownFileType = sourcecode.c.h; path = ZXLViewController.h; sourceTree = "<group>"; };
		FAE3847B1D853253003E8725 /* ZXLViewController.m */ = {isa = PBXFileReference; fileEncoding = 4; lastKnownFileType = sourcecode.c.objc; path = ZXLViewController.m; sourceTree = "<group>"; };
		FAE3847C1D853253003E8725 /* ZXLTableViewController.h */ = {isa = PBXFileReference; fileEncoding = 4; lastKnownFileType = sourcecode.c.h; path = ZXLTableViewController.h; sourceTree = "<group>"; };
		FAE3847D1D853253003E8725 /* ZXLTableViewController.m */ = {isa = PBXFileReference; fileEncoding = 4; lastKnownFileType = sourcecode.c.objc; path = ZXLTableViewController.m; sourceTree = "<group>"; };
		FAE384821D853261003E8725 /* UIView+Util.h */ = {isa = PBXFileReference; fileEncoding = 4; lastKnownFileType = sourcecode.c.h; path = "UIView+Util.h"; sourceTree = "<group>"; };
		FAE384831D853261003E8725 /* UIView+Util.m */ = {isa = PBXFileReference; fileEncoding = 4; lastKnownFileType = sourcecode.c.objc; path = "UIView+Util.m"; sourceTree = "<group>"; };
		FAE384861D853266003E8725 /* zxl_arrow@2x.png */ = {isa = PBXFileReference; lastKnownFileType = image.png; path = "zxl_arrow@2x.png"; sourceTree = "<group>"; };
		FAE384871D853266003E8725 /* zxl_arrow@3x.png */ = {isa = PBXFileReference; lastKnownFileType = image.png; path = "zxl_arrow@3x.png"; sourceTree = "<group>"; };
		FAE384881D853266003E8725 /* ZXLConstant.h */ = {isa = PBXFileReference; fileEncoding = 4; lastKnownFileType = sourcecode.c.h; path = ZXLConstant.h; sourceTree = "<group>"; };
		FAE3848C1D85326C003E8725 /* ZXLTitleView.h */ = {isa = PBXFileReference; fileEncoding = 4; lastKnownFileType = sourcecode.c.h; path = ZXLTitleView.h; sourceTree = "<group>"; };
		FAE3848D1D85326C003E8725 /* ZXLTitleView.m */ = {isa = PBXFileReference; fileEncoding = 4; lastKnownFileType = sourcecode.c.objc; path = ZXLTitleView.m; sourceTree = "<group>"; };
/* End PBXFileReference section */

/* Begin PBXFrameworksBuildPhase section */
		FAE384401D85321A003E8725 /* Frameworks */ = {
			isa = PBXFrameworksBuildPhase;
			buildActionMask = 2147483647;
			files = (
			);
			runOnlyForDeploymentPostprocessing = 0;
		};
		FAE384591D85321A003E8725 /* Frameworks */ = {
			isa = PBXFrameworksBuildPhase;
			buildActionMask = 2147483647;
			files = (
			);
			runOnlyForDeploymentPostprocessing = 0;
		};
		FAE384641D85321A003E8725 /* Frameworks */ = {
			isa = PBXFrameworksBuildPhase;
			buildActionMask = 2147483647;
			files = (
			);
			runOnlyForDeploymentPostprocessing = 0;
		};
/* End PBXFrameworksBuildPhase section */

/* Begin PBXGroup section */
		FAE3843A1D85321A003E8725 = {
			isa = PBXGroup;
			children = (
				FAE384451D85321A003E8725 /* 仿自选股头部滚动 */,
				FAE3845F1D85321A003E8725 /* 仿自选股头部滚动Tests */,
				FAE3846A1D85321A003E8725 /* 仿自选股头部滚动UITests */,
				FAE384441D85321A003E8725 /* Products */,
			);
			sourceTree = "<group>";
		};
		FAE384441D85321A003E8725 /* Products */ = {
			isa = PBXGroup;
			children = (
				FAE384431D85321A003E8725 /* 仿自选股头部滚动.app */,
				FAE3845C1D85321A003E8725 /* 仿自选股头部滚动Tests.xctest */,
				FAE384671D85321A003E8725 /* 仿自选股头部滚动UITests.xctest */,
			);
			name = Products;
			sourceTree = "<group>";
		};
		FAE384451D85321A003E8725 /* 仿自选股头部滚动 */ = {
			isa = PBXGroup;
			children = (
				FAE384851D853266003E8725 /* Resource */,
				FAE384811D853261003E8725 /* Category */,
				FAE384491D85321A003E8725 /* AppDelegate.h */,
				FAE384791D853253003E8725 /* AppDelegate.m */,
				FAE3847A1D853253003E8725 /* ZXLViewController.h */,
				FAE3847B1D853253003E8725 /* ZXLViewController.m */,
				FAE3847C1D853253003E8725 /* ZXLTableViewController.h */,
				FAE3847D1D853253003E8725 /* ZXLTableViewController.m */,
				FAE384521D85321A003E8725 /* Assets.xcassets */,
				FAE384541D85321A003E8725 /* LaunchScreen.storyboard */,
				FAE384571D85321A003E8725 /* Info.plist */,
				FAE384461D85321A003E8725 /* Supporting Files */,
			);
			path = "仿自选股头部滚动";
			sourceTree = "<group>";
		};
		FAE384461D85321A003E8725 /* Supporting Files */ = {
			isa = PBXGroup;
			children = (
				FAE384471D85321A003E8725 /* main.m */,
			);
			name = "Supporting Files";
			sourceTree = "<group>";
		};
		FAE3845F1D85321A003E8725 /* 仿自选股头部滚动Tests */ = {
			isa = PBXGroup;
			children = (
				FAE384601D85321A003E8725 /* ________Tests.m */,
				FAE384621D85321A003E8725 /* Info.plist */,
			);
			path = "仿自选股头部滚动Tests";
			sourceTree = "<group>";
		};
		FAE3846A1D85321A003E8725 /* 仿自选股头部滚动UITests */ = {
			isa = PBXGroup;
			children = (
				FAE3846B1D85321A003E8725 /* ________UITests.m */,
				FAE3846D1D85321A003E8725 /* Info.plist */,
			);
			path = "仿自选股头部滚动UITests";
			sourceTree = "<group>";
		};
		FAE384811D853261003E8725 /* Category */ = {
			isa = PBXGroup;
			children = (
				FAE3848B1D85326C003E8725 /* View */,
				FAE384821D853261003E8725 /* UIView+Util.h */,
				FAE384831D853261003E8725 /* UIView+Util.m */,
			);
			path = Category;
			sourceTree = "<group>";
		};
		FAE384851D853266003E8725 /* Resource */ = {
			isa = PBXGroup;
			children = (
				FAE384861D853266003E8725 /* zxl_arrow@2x.png */,
				FAE384871D853266003E8725 /* zxl_arrow@3x.png */,
				FAE384881D853266003E8725 /* ZXLConstant.h */,
			);
			path = Resource;
			sourceTree = "<group>";
		};
		FAE3848B1D85326C003E8725 /* View */ = {
			isa = PBXGroup;
			children = (
				FAE3848C1D85326C003E8725 /* ZXLTitleView.h */,
				FAE3848D1D85326C003E8725 /* ZXLTitleView.m */,
			);
			path = View;
			sourceTree = "<group>";
		};
/* End PBXGroup section */

/* Begin PBXNativeTarget section */
		FAE384421D85321A003E8725 /* 仿自选股头部滚动 */ = {
			isa = PBXNativeTarget;
			buildConfigurationList = FAE384701D85321A003E8725 /* Build configuration list for PBXNativeTarget "仿自选股头部滚动" */;
			buildPhases = (
				FAE3843F1D85321A003E8725 /* Sources */,
				FAE384401D85321A003E8725 /* Frameworks */,
				FAE384411D85321A003E8725 /* Resources */,
			);
			buildRules = (
			);
			dependencies = (
			);
			name = "仿自选股头部滚动";
			productName = "仿自选股头部滚动";
			productReference = FAE384431D85321A003E8725 /* 仿自选股头部滚动.app */;
			productType = "com.apple.product-type.application";
		};
		FAE3845B1D85321A003E8725 /* 仿自选股头部滚动Tests */ = {
			isa = PBXNativeTarget;
			buildConfigurationList = FAE384731D85321A003E8725 /* Build configuration list for PBXNativeTarget "仿自选股头部滚动Tests" */;
			buildPhases = (
				FAE384581D85321A003E8725 /* Sources */,
				FAE384591D85321A003E8725 /* Frameworks */,
				FAE3845A1D85321A003E8725 /* Resources */,
			);
			buildRules = (
			);
			dependencies = (
				FAE3845E1D85321A003E8725 /* PBXTargetDependency */,
			);
			name = "仿自选股头部滚动Tests";
			productName = "仿自选股头部滚动Tests";
			productReference = FAE3845C1D85321A003E8725 /* 仿自选股头部滚动Tests.xctest */;
			productType = "com.apple.product-type.bundle.unit-test";
		};
		FAE384661D85321A003E8725 /* 仿自选股头部滚动UITests */ = {
			isa = PBXNativeTarget;
			buildConfigurationList = FAE384761D85321A003E8725 /* Build configuration list for PBXNativeTarget "仿自选股头部滚动UITests" */;
			buildPhases = (
				FAE384631D85321A003E8725 /* Sources */,
				FAE384641D85321A003E8725 /* Frameworks */,
				FAE384651D85321A003E8725 /* Resources */,
			);
			buildRules = (
			);
			dependencies = (
				FAE384691D85321A003E8725 /* PBXTargetDependency */,
			);
			name = "仿自选股头部滚动UITests";
			productName = "仿自选股头部滚动UITests";
			productReference = FAE384671D85321A003E8725 /* 仿自选股头部滚动UITests.xctest */;
			productType = "com.apple.product-type.bundle.ui-testing";
		};
/* End PBXNativeTarget section */

/* Begin PBXProject section */
		FAE3843B1D85321A003E8725 /* Project object */ = {
			isa = PBXProject;
			attributes = {
				LastUpgradeCheck = 0730;
				ORGANIZATIONNAME = "曾晓利";
				TargetAttributes = {
					FAE384421D85321A003E8725 = {
						CreatedOnToolsVersion = 7.3;
					};
					FAE3845B1D85321A003E8725 = {
						CreatedOnToolsVersion = 7.3;
						TestTargetID = FAE384421D85321A003E8725;
					};
					FAE384661D85321A003E8725 = {
						CreatedOnToolsVersion = 7.3;
						TestTargetID = FAE384421D85321A003E8725;
					};
				};
			};
			buildConfigurationList = FAE3843E1D85321A003E8725 /* Build configuration list for PBXProject "仿自选股头部滚动" */;
			compatibilityVersion = "Xcode 3.2";
			developmentRegion = English;
			hasScannedForEncodings = 0;
			knownRegions = (
				en,
				Base,
			);
			mainGroup = FAE3843A1D85321A003E8725;
			productRefGroup = FAE384441D85321A003E8725 /* Products */;
			projectDirPath = "";
			projectRoot = "";
			targets = (
				FAE384421D85321A003E8725 /* 仿自选股头部滚动 */,
				FAE3845B1D85321A003E8725 /* 仿自选股头部滚动Tests */,
				FAE384661D85321A003E8725 /* 仿自选股头部滚动UITests */,
			);
		};
/* End PBXProject section */

/* Begin PBXResourcesBuildPhase section */
		FAE384411D85321A003E8725 /* Resources */ = {
			isa = PBXResourcesBuildPhase;
			buildActionMask = 2147483647;
			files = (
				FAE384561D85321A003E8725 /* LaunchScreen.storyboard in Resources */,
				FAE384891D853266003E8725 /* zxl_arrow@2x.png in Resources */,
				FAE3848A1D853266003E8725 /* zxl_arrow@3x.png in Resources */,
				FAE384531D85321A003E8725 /* Assets.xcassets in Resources */,
			);
			runOnlyForDeploymentPostprocessing = 0;
		};
		FAE3845A1D85321A003E8725 /* Resources */ = {
			isa = PBXResourcesBuildPhase;
			buildActionMask = 2147483647;
			files = (
			);
			runOnlyForDeploymentPostprocessing = 0;
		};
		FAE384651D85321A003E8725 /* Resources */ = {
			isa = PBXResourcesBuildPhase;
			buildActionMask = 2147483647;
			files = (
			);
			runOnlyForDeploymentPostprocessing = 0;
		};
/* End PBXResourcesBuildPhase section */

/* Begin PBXSourcesBuildPhase section */
		FAE3843F1D85321A003E8725 /* Sources */ = {
			isa = PBXSourcesBuildPhase;
			buildActionMask = 2147483647;
			files = (
				FAE3848E1D85326C003E8725 /* ZXLTitleView.m in Sources */,
				FAE384841D853261003E8725 /* UIView+Util.m in Sources */,
				FAE384801D853253003E8725 /* ZXLTableViewController.m in Sources */,
				FAE3847F1D853253003E8725 /* ZXLViewController.m in Sources */,
				FAE3847E1D853253003E8725 /* AppDelegate.m in Sources */,
				FAE384481D85321A003E8725 /* main.m in Sources */,
			);
			runOnlyForDeploymentPostprocessing = 0;
		};
		FAE384581D85321A003E8725 /* Sources */ = {
			isa = PBXSourcesBuildPhase;
			buildActionMask = 2147483647;
			files = (
				FAE384611D85321A003E8725 /* ________Tests.m in Sources */,
			);
			runOnlyForDeploymentPostprocessing = 0;
		};
		FAE384631D85321A003E8725 /* Sources */ = {
			isa = PBXSourcesBuildPhase;
			buildActionMask = 2147483647;
			files = (
				FAE3846C1D85321A003E8725 /* ________UITests.m in Sources */,
			);
			runOnlyForDeploymentPostprocessing = 0;
		};
/* End PBXSourcesBuildPhase section */

/* Begin PBXTargetDependency section */
		FAE3845E1D85321A003E8725 /* PBXTargetDependency */ = {
			isa = PBXTargetDependency;
			target = FAE384421D85321A003E8725 /* 仿自选股头部滚动 */;
			targetProxy = FAE3845D1D85321A003E8725 /* PBXContainerItemProxy */;
		};
		FAE384691D85321A003E8725 /* PBXTargetDependency */ = {
			isa = PBXTargetDependency;
			target = FAE384421D85321A003E8725 /* 仿自选股头部滚动 */;
			targetProxy = FAE384681D85321A003E8725 /* PBXContainerItemProxy */;
		};
/* End PBXTargetDependency section */

/* Begin PBXVariantGroup section */
		FAE384541D85321A003E8725 /* LaunchScreen.storyboard */ = {
			isa = PBXVariantGroup;
			children = (
				FAE384551D85321A003E8725 /* Base */,
			);
			name = LaunchScreen.storyboard;
			sourceTree = "<group>";
		};
/* End PBXVariantGroup section */

/* Begin XCBuildConfiguration section */
		FAE3846E1D85321A003E8725 /* Debug */ = {
			isa = XCBuildConfiguration;
			buildSettings = {
				ALWAYS_SEARCH_USER_PATHS = NO;
				CLANG_ANALYZER_NONNULL = YES;
				CLANG_CXX_LANGUAGE_STANDARD = "gnu++0x";
				CLANG_CXX_LIBRARY = "libc++";
				CLANG_ENABLE_MODULES = YES;
				CLANG_ENABLE_OBJC_ARC = YES;
				CLANG_WARN_BOOL_CONVERSION = YES;
				CLANG_WARN_CONSTANT_CONVERSION = YES;
				CLANG_WARN_DIRECT_OBJC_ISA_USAGE = YES_ERROR;
				CLANG_WARN_EMPTY_BODY = YES;
				CLANG_WARN_ENUM_CONVERSION = YES;
				CLANG_WARN_INT_CONVERSION = YES;
				CLANG_WARN_OBJC_ROOT_CLASS = YES_ERROR;
				CLANG_WARN_UNREACHABLE_CODE = YES;
				CLANG_WARN__DUPLICATE_METHOD_MATCH = YES;
				"CODE_SIGN_IDENTITY[sdk=iphoneos*]" = "iPhone Developer";
				COPY_PHASE_STRIP = NO;
				DEBUG_INFORMATION_FORMAT = dwarf;
				ENABLE_STRICT_OBJC_MSGSEND = YES;
				ENABLE_TESTABILITY = YES;
				GCC_C_LANGUAGE_STANDARD = gnu99;
				GCC_DYNAMIC_NO_PIC = NO;
				GCC_NO_COMMON_BLOCKS = YES;
				GCC_OPTIMIZATION_LEVEL = 0;
				GCC_PREPROCESSOR_DEFINITIONS = (
					"DEBUG=1",
					"$(inherited)",
				);
				GCC_WARN_64_TO_32_BIT_CONVERSION = YES;
				GCC_WARN_ABOUT_RETURN_TYPE = YES_ERROR;
				GCC_WARN_UNDECLARED_SELECTOR = YES;
				GCC_WARN_UNINITIALIZED_AUTOS = YES_AGGRESSIVE;
				GCC_WARN_UNUSED_FUNCTION = YES;
				GCC_WARN_UNUSED_VARIABLE = YES;
				IPHONEOS_DEPLOYMENT_TARGET = 9.3;
				MTL_ENABLE_DEBUG_INFO = YES;
				ONLY_ACTIVE_ARCH = YES;
				SDKROOT = iphoneos;
				TARGETED_DEVICE_FAMILY = "1,2";
			};
			name = Debug;
		};
		FAE3846F1D85321A003E8725 /* Release */ = {
			isa = XCBuildConfiguration;
			buildSettings = {
				ALWAYS_SEARCH_USER_PATHS = NO;
				CLANG_ANALYZER_NONNULL = YES;
				CLANG_CXX_LANGUAGE_STANDARD = "gnu++0x";
				CLANG_CXX_LIBRARY = "libc++";
				CLANG_ENABLE_MODULES = YES;
				CLANG_ENABLE_OBJC_ARC = YES;
				CLANG_WARN_BOOL_CONVERSION = YES;
				CLANG_WARN_CONSTANT_CONVERSION = YES;
				CLANG_WARN_DIRECT_OBJC_ISA_USAGE = YES_ERROR;
				CLANG_WARN_EMPTY_BODY = YES;
				CLANG_WARN_ENUM_CONVERSION = YES;
				CLANG_WARN_INT_CONVERSION = YES;
				CLANG_WARN_OBJC_ROOT_CLASS = YES_ERROR;
				CLANG_WARN_UNREACHABLE_CODE = YES;
				CLANG_WARN__DUPLICATE_METHOD_MATCH = YES;
				"CODE_SIGN_IDENTITY[sdk=iphoneos*]" = "iPhone Developer";
				COPY_PHASE_STRIP = NO;
				DEBUG_INFORMATION_FORMAT = "dwarf-with-dsym";
				ENABLE_NS_ASSERTIONS = NO;
				ENABLE_STRICT_OBJC_MSGSEND = YES;
				GCC_C_LANGUAGE_STANDARD = gnu99;
				GCC_NO_COMMON_BLOCKS = YES;
				GCC_WARN_64_TO_32_BIT_CONVERSION = YES;
				GCC_WARN_ABOUT_RETURN_TYPE = YES_ERROR;
				GCC_WARN_UNDECLARED_SELECTOR = YES;
				GCC_WARN_UNINITIALIZED_AUTOS = YES_AGGRESSIVE;
				GCC_WARN_UNUSED_FUNCTION = YES;
				GCC_WARN_UNUSED_VARIABLE = YES;
				IPHONEOS_DEPLOYMENT_TARGET = 9.3;
				MTL_ENABLE_DEBUG_INFO = NO;
				SDKROOT = iphoneos;
				TARGETED_DEVICE_FAMILY = "1,2";
				VALIDATE_PRODUCT = YES;
			};
			name = Release;
		};
		FAE384711D85321A003E8725 /* Debug */ = {
			isa = XCBuildConfiguration;
			buildSettings = {
				ASSETCATALOG_COMPILER_APPICON_NAME = AppIcon;
				INFOPLIST_FILE = "仿自选股头部滚动/Info.plist";
				LD_RUNPATH_SEARCH_PATHS = "$(inherited) @executable_path/Frameworks";
				PRODUCT_BUNDLE_IDENTIFIER = "hhh.--------";
				PRODUCT_NAME = "$(TARGET_NAME)";
			};
			name = Debug;
		};
		FAE384721D85321A003E8725 /* Release */ = {
			isa = XCBuildConfiguration;
			buildSettings = {
				ASSETCATALOG_COMPILER_APPICON_NAME = AppIcon;
				INFOPLIST_FILE = "仿自选股头部滚动/Info.plist";
				LD_RUNPATH_SEARCH_PATHS = "$(inherited) @executable_path/Frameworks";
				PRODUCT_BUNDLE_IDENTIFIER = "hhh.--------";
				PRODUCT_NAME = "$(TARGET_NAME)";
			};
			name = Release;
		};
		FAE384741D85321A003E8725 /* Debug */ = {
			isa = XCBuildConfiguration;
			buildSettings = {
				BUNDLE_LOADER = "$(TEST_HOST)";
				INFOPLIST_FILE = "仿自选股头部滚动Tests/Info.plist";
				LD_RUNPATH_SEARCH_PATHS = "$(inherited) @executable_path/Frameworks @loader_path/Frameworks";
				PRODUCT_BUNDLE_IDENTIFIER = "hhh.--------Tests";
				PRODUCT_NAME = "$(TARGET_NAME)";
				TEST_HOST = "$(BUILT_PRODUCTS_DIR)/仿自选股头部滚动.app/仿自选股头部滚动";
			};
			name = Debug;
		};
		FAE384751D85321A003E8725 /* Release */ = {
			isa = XCBuildConfiguration;
			buildSettings = {
				BUNDLE_LOADER = "$(TEST_HOST)";
				INFOPLIST_FILE = "仿自选股头部滚动Tests/Info.plist";
				LD_RUNPATH_SEARCH_PATHS = "$(inherited) @executable_path/Frameworks @loader_path/Frameworks";
				PRODUCT_BUNDLE_IDENTIFIER = "hhh.--------Tests";
				PRODUCT_NAME = "$(TARGET_NAME)";
				TEST_HOST = "$(BUILT_PRODUCTS_DIR)/仿自选股头部滚动.app/仿自选股头部滚动";
			};
			name = Release;
		};
		FAE384771D85321A003E8725 /* Debug */ = {
			isa = XCBuildConfiguration;
			buildSettings = {
				INFOPLIST_FILE = "仿自选股头部滚动UITests/Info.plist";
				LD_RUNPATH_SEARCH_PATHS = "$(inherited) @executable_path/Frameworks @loader_path/Frameworks";
				PRODUCT_BUNDLE_IDENTIFIER = "hhh.--------UITests";
				PRODUCT_NAME = "$(TARGET_NAME)";
				TEST_TARGET_NAME = "仿自选股头部滚动";
			};
			name = Debug;
		};
		FAE384781D85321A003E8725 /* Release */ = {
			isa = XCBuildConfiguration;
			buildSettings = {
				INFOPLIST_FILE = "仿自选股头部滚动UITests/Info.plist";
				LD_RUNPATH_SEARCH_PATHS = "$(inherited) @executable_path/Frameworks @loader_path/Frameworks";
				PRODUCT_BUNDLE_IDENTIFIER = "hhh.--------UITests";
				PRODUCT_NAME = "$(TARGET_NAME)";
				TEST_TARGET_NAME = "仿自选股头部滚动";
			};
			name = Release;
		};
/* End XCBuildConfiguration section */

/* Begin XCConfigurationList section */
		FAE3843E1D85321A003E8725 /* Build configuration list for PBXProject "仿自选股头部滚动" */ = {
			isa = XCConfigurationList;
			buildConfigurations = (
				FAE3846E1D85321A003E8725 /* Debug */,
				FAE3846F1D85321A003E8725 /* Release */,
			);
			defaultConfigurationIsVisible = 0;
			defaultConfigurationName = Release;
		};
		FAE384701D85321A003E8725 /* Build configuration list for PBXNativeTarget "仿自选股头部滚动" */ = {
			isa = XCConfigurationList;
			buildConfigurations = (
				FAE384711D85321A003E8725 /* Debug */,
				FAE384721D85321A003E8725 /* Release */,
			);
			defaultConfigurationIsVisible = 0;
		};
		FAE384731D85321A003E8725 /* Build configuration list for PBXNativeTarget "仿自选股头部滚动Tests" */ = {
			isa = XCConfigurationList;
			buildConfigurations = (
				FAE384741D85321A003E8725 /* Debug */,
				FAE384751D85321A003E8725 /* Release */,
			);
			defaultConfigurationIsVisible = 0;
		};
		FAE384761D85321A003E8725 /* Build configuration list for PBXNativeTarget "仿自选股头部滚动UITests" */ = {
			isa = XCConfigurationList;
			buildConfigurations = (
				FAE384771D85321A003E8725 /* Debug */,
				FAE384781D85321A003E8725 /* Release */,
			);
			defaultConfigurationIsVisible = 0;
		};
/* End XCConfigurationList section */
	};
	rootObject = FAE3843B1D85321A003E8725 /* Project object */;
}
